
Microsoft Visual Studio Solution File, Format Version 12.00
# Visual Studio 2012
Project("{FAE04EC0-301F-11D3-BF4B-00C04F79EFBC}") = "MailBC.DataStore", "MailBC.DataStore\MailBC.DataStore.csproj", "{1F557B71-CE5D-4A28-918B-E3FF6B2BBA94}"
EndProject
Project("{FAE04EC0-301F-11D3-BF4B-00C04F79EFBC}") = "MailBC.DataStore.Infrastructure", "MailBC.DataStore.Infrastructure\MailBC.DataStore.Infrastructure.csproj", "{EFB4D0AD-4041-45A0-A015-5EDBFD5BE54F}"
EndProject
Project("{2150E333-8FDC-42A3-9474-1A3956D46DE8}") = "DataStore", "DataStore", "{CE2F4816-B7B1-4836-A1E7-7707D9786F65}"
EndProject
Project("{2150E333-8FDC-42A3-9474-1A3956D46DE8}") = "Domain", "Domain", "{5746DCF6-00F2-4CF8-A442-BD4CA47F1C8B}"
EndProject
Project("{FAE04EC0-301F-11D3-BF4B-00C04F79EFBC}") = "MailBC.Mappings", "MailBC.Mappings\MailBC.Mappings.csproj", "{4E471A86-544E-4399-8D7F-BB1697407C81}"
EndProject
Project("{FAE04EC0-301F-11D3-BF4B-00C04F79EFBC}") = "MailBC.Domain", "MailBC.Domain\MailBC.Domain.csproj", "{476C1853-AEBD-4C29-B1C5-B58C28306A20}"
EndProject
Project("{2150E333-8FDC-42A3-9474-1A3956D46DE8}") = "UI", "UI", "{4DCFD288-4745-44AD-961A-E0BFC433368B}"
EndProject
Project("{FAE04EC0-301F-11D3-BF4B-00C04F79EFBC}") = "MailBC.UI.Infrastructure", "MailBC.UI.Infrastructure\MailBC.UI.Infrastructure.csproj", "{BA70347B-2B07-4E8D-8BD1-31FDE278D73F}"
EndProject
Project("{FAE04EC0-301F-11D3-BF4B-00C04F79EFBC}") = "MailBC.UI", "MailBC.UI\MailBC.UI.csproj", "{653A70D6-B737-4239-93D3-24A51C4DEE92}"
EndProject
Global
	GlobalSection(SolutionConfigurationPlatforms) = preSolution
		Debug|Any CPU = Debug|Any CPU
		Release|Any CPU = Release|Any CPU
	EndGlobalSection
	GlobalSection(ProjectConfigurationPlatforms) = postSolution
		{1F557B71-CE5D-4A28-918B-E3FF6B2BBA94}.Debug|Any CPU.ActiveCfg = Debug|Any CPU
		{1F557B71-CE5D-4A28-918B-E3FF6B2BBA94}.Debug|Any CPU.Build.0 = Debug|Any CPU
		{1F557B71-CE5D-4A28-918B-E3FF6B2BBA94}.Release|Any CPU.ActiveCfg = Release|Any CPU
		{1F557B71-CE5D-4A28-918B-E3FF6B2BBA94}.Release|Any CPU.Build.0 = Release|Any CPU
		{EFB4D0AD-4041-45A0-A015-5EDBFD5BE54F}.Debug|Any CPU.ActiveCfg = Debug|Any CPU
		{EFB4D0AD-4041-45A0-A015-5EDBFD5BE54F}.Debug|Any CPU.Build.0 = Debug|Any CPU
		{EFB4D0AD-4041-45A0-A015-5EDBFD5BE54F}.Release|Any CPU.ActiveCfg = Release|Any CPU
		{EFB4D0AD-4041-45A0-A015-5EDBFD5BE54F}.Release|Any CPU.Build.0 = Release|Any CPU
		{4E471A86-544E-4399-8D7F-BB1697407C81}.Debug|Any CPU.ActiveCfg = Debug|Any CPU
		{4E471A86-544E-4399-8D7F-BB1697407C81}.Debug|Any CPU.Build.0 = Debug|Any CPU
		{4E471A86-544E-4399-8D7F-BB1697407C81}.Release|Any CPU.ActiveCfg = Release|Any CPU
		{4E471A86-544E-4399-8D7F-BB1697407C81}.Release|Any CPU.Build.0 = Release|Any CPU
		{476C1853-AEBD-4C29-B1C5-B58C28306A20}.Debug|Any CPU.ActiveCfg = Debug|Any CPU
		{476C1853-AEBD-4C29-B1C5-B58C28306A20}.Debug|Any CPU.Build.0 = Debug|Any CPU
		{476C1853-AEBD-4C29-B1C5-B58C28306A20}.Release|Any CPU.ActiveCfg = Release|Any CPU
		{476C1853-AEBD-4C29-B1C5-B58C28306A20}.Release|Any CPU.Build.0 = Release|Any CPU
		{BA70347B-2B07-4E8D-8BD1-31FDE278D73F}.Debug|Any CPU.ActiveCfg = Debug|Any CPU
		{BA70347B-2B07-4E8D-8BD1-31FDE278D73F}.Debug|Any CPU.Build.0 = Debug|Any CPU
		{BA70347B-2B07-4E8D-8BD1-31FDE278D73F}.Release|Any CPU.ActiveCfg = Release|Any CPU
		{BA70347B-2B07-4E8D-8BD1-31FDE278D73F}.Release|Any CPU.Build.0 = Release|Any CPU
		{653A70D6-B737-4239-93D3-24A51C4DEE92}.Debug|Any CPU.ActiveCfg = Debug|Any CPU
		{653A70D6-B737-4239-93D3-24A51C4DEE92}.Debug|Any CPU.Build.0 = Debug|Any CPU
		{653A70D6-B737-4239-93D3-24A51C4DEE92}.Release|Any CPU.ActiveCfg = Release|Any CPU
		{653A70D6-B737-4239-93D3-24A51C4DEE92}.Release|Any CPU.Build.0 = Release|Any CPU
	EndGlobalSection
	GlobalSection(SolutionProperties) = preSolution
		HideSolutionNode = FALSE
	EndGlobalSection
	GlobalSection(NestedProjects) = preSolution
		{EFB4D0AD-4041-45A0-A015-5EDBFD5BE54F} = {CE2F4816-B7B1-4836-A1E7-7707D9786F65}
		{1F557B71-CE5D-4A28-918B-E3FF6B2BBA94} = {CE2F4816-B7B1-4836-A1E7-7707D9786F65}
		{4E471A86-544E-4399-8D7F-BB1697407C81} = {5746DCF6-00F2-4CF8-A442-BD4CA47F1C8B}
		{476C1853-AEBD-4C29-B1C5-B58C28306A20} = {5746DCF6-00F2-4CF8-A442-BD4CA47F1C8B}
		{BA70347B-2B07-4E8D-8BD1-31FDE278D73F} = {4DCFD288-4745-44AD-961A-E0BFC433368B}
		{653A70D6-B737-4239-93D3-24A51C4DEE92} = {4DCFD288-4745-44AD-961A-E0BFC433368B}
	EndGlobalSection
EndGlobal
